
Microsoft Visual Studio Solution File, Format Version 12.00
# Visual Studio Version 16
VisualStudioVersion = 16.0.28606.126
MinimumVisualStudioVersion = 10.0.40219.1
Project("{F184B08F-C81C-45F6-A57F-5ABD9991F28F}") = "Ai2Utl", "Ai2Utl\Ai2Utl.vbproj", "{AB875855-820A-40CF-A2D7-BFAFC7E76D8A}"
EndProject
Global
	GlobalSection(SolutionConfigurationPlatforms) = preSolution
		Debug|Any CPU = Debug|Any CPU
		Release|Any CPU = Release|Any CPU
	EndGlobalSection
	GlobalSection(ProjectConfigurationPlatforms) = postSolution
		{AB875855-820A-40CF-A2D7-BFAFC7E76D8A}.Debug|Any CPU.ActiveCfg = Debug|Any CPU
		{AB875855-820A-40CF-A2D7-BFAFC7E76D8A}.Debug|Any CPU.Build.0 = Debug|Any CPU
		{AB875855-820A-40CF-A2D7-BFAFC7E76D8A}.Release|Any CPU.ActiveCfg = Release|Any CPU
		{AB875855-820A-40CF-A2D7-BFAFC7E76D8A}.Release|Any CPU.Build.0 = Release|Any CPU
	EndGlobalSection
	GlobalSection(SolutionProperties) = preSolution
		HideSolutionNode = FALSE
	EndGlobalSection
	GlobalSection(ExtensibilityGlobals) = postSolution
		SolutionGuid = {353F5621-F956-4804-930F-15B494CEDAB7}
	EndGlobalSection
EndGlobal
